
Microsoft Visual Studio Solution File, Format Version 12.00
# Visual Studio Version 17
VisualStudioVersion = 17.1.32421.90
MinimumVisualStudioVersion = 10.0.40219.1
Project("{FAE04EC0-301F-11D3-BF4B-00C04F79EFBC}") = "DesafioCap1", "DesafioCap1\DesafioCap1.csproj", "{9869A45E-CE9B-477F-AD22-B92B94CFC821}"
EndProject
Global
	GlobalSection(SolutionConfigurationPlatforms) = preSolution
		Debug|Any CPU = Debug|Any CPU
		Release|Any CPU = Release|Any CPU
	EndGlobalSection
	GlobalSection(ProjectConfigurationPlatforms) = postSolution
		{9869A45E-CE9B-477F-AD22-B92B94CFC821}.Debug|Any CPU.ActiveCfg = Debug|Any CPU
		{9869A45E-CE9B-477F-AD22-B92B94CFC821}.Debug|Any CPU.Build.0 = Debug|Any CPU
		{9869A45E-CE9B-477F-AD22-B92B94CFC821}.Release|Any CPU.ActiveCfg = Release|Any CPU
		{9869A45E-CE9B-477F-AD22-B92B94CFC821}.Release|Any CPU.Build.0 = Release|Any CPU
	EndGlobalSection
	GlobalSection(SolutionProperties) = preSolution
		HideSolutionNode = FALSE
	EndGlobalSection
	GlobalSection(ExtensibilityGlobals) = postSolution
		SolutionGuid = {DD73F693-F004-4E9F-BE81-778923422105}
	EndGlobalSection
EndGlobal
